
Microsoft Visual Studio Solution File, Format Version 12.00
# Visual Studio Version 17
VisualStudioVersion = 17.5.33530.505
MinimumVisualStudioVersion = 10.0.40219.1
Project("{FAE04EC0-301F-11D3-BF4B-00C04F79EFBC}") = "MyStore", "Library\MyStore.csproj", "{293FAB03-4E29-4DB4-B594-DF29503CD6A5}"
EndProject
Global
	GlobalSection(SolutionConfigurationPlatforms) = preSolution
		Debug|Any CPU = Debug|Any CPU
		Release|Any CPU = Release|Any CPU
	EndGlobalSection
	GlobalSection(ProjectConfigurationPlatforms) = postSolution
		{293FAB03-4E29-4DB4-B594-DF29503CD6A5}.Debug|Any CPU.ActiveCfg = Debug|Any CPU
		{293FAB03-4E29-4DB4-B594-DF29503CD6A5}.Debug|Any CPU.Build.0 = Debug|Any CPU
		{293FAB03-4E29-4DB4-B594-DF29503CD6A5}.Release|Any CPU.ActiveCfg = Release|Any CPU
		{293FAB03-4E29-4DB4-B594-DF29503CD6A5}.Release|Any CPU.Build.0 = Release|Any CPU
	EndGlobalSection
	GlobalSection(SolutionProperties) = preSolution
		HideSolutionNode = FALSE
	EndGlobalSection
	GlobalSection(ExtensibilityGlobals) = postSolution
		SolutionGuid = {B4A557C9-C1DD-4D8C-BE24-04513E8AB2E6}
	EndGlobalSection
EndGlobal
